
Microsoft Visual Studio Solution File, Format Version 12.00
# Visual Studio Version 17
VisualStudioVersion = 17.12.35527.113
MinimumVisualStudioVersion = 10.0.40219.1
Project("{D954291E-2A0B-460D-934E-DC6B0785DB48}") = "SharedIO", "SharedIO\SharedIO.shproj", "{F186FA4F-F976-4196-B5D8-1B775E24AAE8}"
EndProject
Project("{FAE04EC0-301F-11D3-BF4B-00C04F79EFBC}") = "FoxyWebappManager", "FoxyWebappManager\FoxyWebappManager.csproj", "{BC0912C0-1840-CFC5-83D4-31EA4381E5BF}"
EndProject
Project("{FAE04EC0-301F-11D3-BF4B-00C04F79EFBC}") = "FoxyWebappManager.Core", "FoxyWebappManager.Core\FoxyWebappManager.Core.csproj", "{CA034449-6964-90F4-1AB1-D76749E2AD15}"
EndProject
Global
	GlobalSection(SolutionConfigurationPlatforms) = preSolution
		Debug|arm64 = Debug|arm64
		Debug|x64 = Debug|x64
		Debug|x86 = Debug|x86
		Release|arm64 = Release|arm64
		Release|x64 = Release|x64
		Release|x86 = Release|x86
	EndGlobalSection
	GlobalSection(ProjectConfigurationPlatforms) = postSolution
		{BC0912C0-1840-CFC5-83D4-31EA4381E5BF}.Debug|arm64.ActiveCfg = Debug|arm64
		{BC0912C0-1840-CFC5-83D4-31EA4381E5BF}.Debug|arm64.Build.0 = Debug|arm64
		{BC0912C0-1840-CFC5-83D4-31EA4381E5BF}.Debug|arm64.Deploy.0 = Debug|arm64
		{BC0912C0-1840-CFC5-83D4-31EA4381E5BF}.Debug|x64.ActiveCfg = Debug|x64
		{BC0912C0-1840-CFC5-83D4-31EA4381E5BF}.Debug|x64.Build.0 = Debug|x64
		{BC0912C0-1840-CFC5-83D4-31EA4381E5BF}.Debug|x64.Deploy.0 = Debug|x64
		{BC0912C0-1840-CFC5-83D4-31EA4381E5BF}.Debug|x86.ActiveCfg = Debug|x86
		{BC0912C0-1840-CFC5-83D4-31EA4381E5BF}.Debug|x86.Build.0 = Debug|x86
		{BC0912C0-1840-CFC5-83D4-31EA4381E5BF}.Debug|x86.Deploy.0 = Debug|x86
		{BC0912C0-1840-CFC5-83D4-31EA4381E5BF}.Release|arm64.ActiveCfg = Release|arm64
		{BC0912C0-1840-CFC5-83D4-31EA4381E5BF}.Release|arm64.Build.0 = Release|arm64
		{BC0912C0-1840-CFC5-83D4-31EA4381E5BF}.Release|arm64.Deploy.0 = Release|arm64
		{BC0912C0-1840-CFC5-83D4-31EA4381E5BF}.Release|x64.ActiveCfg = Release|x64
		{BC0912C0-1840-CFC5-83D4-31EA4381E5BF}.Release|x64.Build.0 = Release|x64
		{BC0912C0-1840-CFC5-83D4-31EA4381E5BF}.Release|x64.Deploy.0 = Release|x64
		{BC0912C0-1840-CFC5-83D4-31EA4381E5BF}.Release|x86.ActiveCfg = Release|x86
		{BC0912C0-1840-CFC5-83D4-31EA4381E5BF}.Release|x86.Build.0 = Release|x86
		{BC0912C0-1840-CFC5-83D4-31EA4381E5BF}.Release|x86.Deploy.0 = Release|x86
		{CA034449-6964-90F4-1AB1-D76749E2AD15}.Debug|arm64.ActiveCfg = Debug|arm64
		{CA034449-6964-90F4-1AB1-D76749E2AD15}.Debug|arm64.Build.0 = Debug|arm64
		{CA034449-6964-90F4-1AB1-D76749E2AD15}.Debug|x64.ActiveCfg = Debug|x64
		{CA034449-6964-90F4-1AB1-D76749E2AD15}.Debug|x64.Build.0 = Debug|x64
		{CA034449-6964-90F4-1AB1-D76749E2AD15}.Debug|x86.ActiveCfg = Debug|x86
		{CA034449-6964-90F4-1AB1-D76749E2AD15}.Debug|x86.Build.0 = Debug|x86
		{CA034449-6964-90F4-1AB1-D76749E2AD15}.Release|arm64.ActiveCfg = Release|arm64
		{CA034449-6964-90F4-1AB1-D76749E2AD15}.Release|arm64.Build.0 = Release|arm64
		{CA034449-6964-90F4-1AB1-D76749E2AD15}.Release|x64.ActiveCfg = Release|x64
		{CA034449-6964-90F4-1AB1-D76749E2AD15}.Release|x64.Build.0 = Release|x64
		{CA034449-6964-90F4-1AB1-D76749E2AD15}.Release|x86.ActiveCfg = Release|x86
		{CA034449-6964-90F4-1AB1-D76749E2AD15}.Release|x86.Build.0 = Release|x86
	EndGlobalSection
	GlobalSection(SolutionProperties) = preSolution
		HideSolutionNode = FALSE
	EndGlobalSection
	GlobalSection(ExtensibilityGlobals) = postSolution
		SolutionGuid = {67BA47C1-8B02-4FF7-A9C2-C95843F3E6E0}
	EndGlobalSection
	GlobalSection(SharedMSBuildProjectFiles) = preSolution
		SharedIO\SharedIO.projitems*{bc0912c0-1840-cfc5-83d4-31ea4381e5bf}*SharedItemsImports = 5
		SharedIO\SharedIO.projitems*{f186fa4f-f976-4196-b5d8-1b775e24aae8}*SharedItemsImports = 13
	EndGlobalSection
EndGlobal
